
Microsoft Visual Studio Solution File, Format Version 12.00
# Visual Studio Version 16
VisualStudioVersion = 16.0.29613.14
MinimumVisualStudioVersion = 10.0.40219.1
Project("{FAE04EC0-301F-11D3-BF4B-00C04F79EFBC}") = "PokemonFrameWork.Controls", "PokemonFrameWork.Controls\PokemonFrameWork.Controls.csproj", "{FE3B5938-DB45-4D0D-8438-705F0DC5E195}"
EndProject
Global
	GlobalSection(SolutionConfigurationPlatforms) = preSolution
		Debug|Any CPU = Debug|Any CPU
		Release|Any CPU = Release|Any CPU
	EndGlobalSection
	GlobalSection(ProjectConfigurationPlatforms) = postSolution
		{FE3B5938-DB45-4D0D-8438-705F0DC5E195}.Debug|Any CPU.ActiveCfg = Debug|Any CPU
		{FE3B5938-DB45-4D0D-8438-705F0DC5E195}.Debug|Any CPU.Build.0 = Debug|Any CPU
		{FE3B5938-DB45-4D0D-8438-705F0DC5E195}.Release|Any CPU.ActiveCfg = Release|Any CPU
		{FE3B5938-DB45-4D0D-8438-705F0DC5E195}.Release|Any CPU.Build.0 = Release|Any CPU
	EndGlobalSection
	GlobalSection(SolutionProperties) = preSolution
		HideSolutionNode = FALSE
	EndGlobalSection
	GlobalSection(ExtensibilityGlobals) = postSolution
		SolutionGuid = {66A613F8-13F9-4D64-A052-D91AA42B9376}
	EndGlobalSection
EndGlobal
